
Microsoft Visual Studio Solution File, Format Version 12.00
# Visual Studio Version 17
VisualStudioVersion = 17.8.34004.107
MinimumVisualStudioVersion = 10.0.40219.1
Project("{FAE04EC0-301F-11D3-BF4B-00C04F79EFBC}") = "CarsListApp.Maui", "CarsListApp.Maui\CarsListApp.Maui.csproj", "{366DBA5D-2055-4932-AFFD-0BE37F760EDB}"
EndProject
Global
	GlobalSection(SolutionConfigurationPlatforms) = preSolution
		Debug|Any CPU = Debug|Any CPU
		Release|Any CPU = Release|Any CPU
	EndGlobalSection
	GlobalSection(ProjectConfigurationPlatforms) = postSolution
		{366DBA5D-2055-4932-AFFD-0BE37F760EDB}.Debug|Any CPU.ActiveCfg = Debug|Any CPU
		{366DBA5D-2055-4932-AFFD-0BE37F760EDB}.Debug|Any CPU.Build.0 = Debug|Any CPU
		{366DBA5D-2055-4932-AFFD-0BE37F760EDB}.Debug|Any CPU.Deploy.0 = Debug|Any CPU
		{366DBA5D-2055-4932-AFFD-0BE37F760EDB}.Release|Any CPU.ActiveCfg = Release|Any CPU
		{366DBA5D-2055-4932-AFFD-0BE37F760EDB}.Release|Any CPU.Build.0 = Release|Any CPU
		{366DBA5D-2055-4932-AFFD-0BE37F760EDB}.Release|Any CPU.Deploy.0 = Release|Any CPU
	EndGlobalSection
	GlobalSection(SolutionProperties) = preSolution
		HideSolutionNode = FALSE
	EndGlobalSection
	GlobalSection(ExtensibilityGlobals) = postSolution
		SolutionGuid = {E5DF98EC-0A56-4A72-9BE6-ADCA5946B7A2}
	EndGlobalSection
EndGlobal
